<?xml version="1.0" encoding="utf-8"?>
<Project ToolsVersion="4.0" xmlns="http://schemas.microsoft.com/developer/msbuild/2003">
  <ItemGroup>
    <Filter Include="Pliki źródłowe">
      <UniqueIdentifier>{4FC737F1-C7A5-4376-A066-2A32D752A2FF}</UniqueIdentifier>
      <Extensions>cpp;c;cc;cxx;c++;def;odl;idl;hpj;bat;asm;asmx</Extensions>
    </Filter>
    <Filter Include="Pliki nagłówkowe">
      <UniqueIdentifier>{93995380-89BD-4b04-88EB-625FBE52EBFB}</UniqueIdentifier>
      <Extensions>h;hh;hpp;hxx;h++;hm;inl;inc;ipp;xsd</Extensions>
    </Filter>
    <Filter Include="Pliki zasobów">
      <UniqueIdentifier>{67DA6AB6-F800-4c08-8B7A-83BB121AAD01}</UniqueIdentifier>
      <Extensions>rc;ico;cur;bmp;dlg;rc2;rct;bin;rgs;gif;jpg;jpeg;jpe;resx;tiff;tif;png;wav;mfcribbon-ms</Extensions>
    </Filter>
    <Filter Include="Pliki nagłówkowe\graphics">
      <UniqueIdentifier>{88651673-5ccf-4cd5-9d09-ce3306a53075}</UniqueIdentifier>
    </Filter>
    <Filter Include="Pliki źródłowe\graphics">
      <UniqueIdentifier>{e9edb497-4ea9-4b0c-a8ef-3fe948bb3128}</UniqueIdentifier>
    </Filter>
    <Filter Include="Pliki źródłowe\cpu">
      <UniqueIdentifier>{02935bb6-cdc7-43ce-a5a5-0f2eedd64326}</UniqueIdentifier>
    </Filter>
    <Filter Include="Pliki nagłówkowe\cpu">
      <UniqueIdentifier>{3336e209-287a-46e7-9b6d-9bdd060eba17}</UniqueIdentifier>
    </Filter>
  </ItemGroup>
  <ItemGroup>
    <ClInclude Include="error.h">
      <Filter>Pliki nagłówkowe</Filter>
    </ClInclude>
    <ClInclude Include="unit.h">
      <Filter>Pliki nagłówkowe</Filter>
    </ClInclude>
    <ClInclude Include="signal.h">
      <Filter>Pliki nagłówkowe</Filter>
    </ClInclude>
    <ClInclude Include="vector.h">
      <Filter>Pliki nagłówkowe</Filter>
    </ClInclude>
    <ClInclude Include="map.h">
      <Filter>Pliki nagłówkowe</Filter>
    </ClInclude>
    <ClInclude Include="instruction.h">
      <Filter>Pliki nagłówkowe</Filter>
    </ClInclude>
    <ClInclude Include="settings.h">
      <Filter>Pliki nagłówkowe</Filter>
    </ClInclude>
    <ClInclude Include="simulator.h">
      <Filter>Pliki nagłówkowe</Filter>
    </ClInclude>
    <ClInclude Include="terminal.h">
      <Filter>Pliki nagłówkowe</Filter>
    </ClInclude>
    <ClInclude Include="event.h">
      <Filter>Pliki nagłówkowe</Filter>
    </ClInclude>
    <ClInclude Include="drawable.h">
      <Filter>Pliki nagłówkowe\graphics</Filter>
    </ClInclude>
    <ClInclude Include="graphics.h">
      <Filter>Pliki nagłówkowe\graphics</Filter>
    </ClInclude>
    <ClInclude Include="canvas.h">
      <Filter>Pliki nagłówkowe\graphics</Filter>
    </ClInclude>
    <ClInclude Include="window.h">
      <Filter>Pliki nagłówkowe\graphics</Filter>
    </ClInclude>
    <ClInclude Include="primitive.h">
      <Filter>Pliki nagłówkowe\graphics</Filter>
    </ClInclude>
    <ClInclude Include="file.h">
      <Filter>Pliki nagłówkowe</Filter>
    </ClInclude>
    <ClInclude Include="cpu.h">
      <Filter>Pliki nagłówkowe\cpu</Filter>
    </ClInclude>
    <ClInclude Include="cpu_structs.h">
      <Filter>Pliki nagłówkowe\cpu</Filter>
    </ClInclude>
    <ClInclude Include="cpu_setup.h">
      <Filter>Pliki nagłówkowe\cpu</Filter>
    </ClInclude>
    <ClInclude Include="cpu_components.h">
      <Filter>Pliki nagłówkowe\cpu</Filter>
    </ClInclude>
    <ClInclude Include="cpu_functions.h">
      <Filter>Pliki nagłówkowe\cpu</Filter>
    </ClInclude>
    <ClInclude Include="console.h">
      <Filter>Pliki nagłówkowe</Filter>
    </ClInclude>
    <ClInclude Include="color.h">
      <Filter>Pliki nagłówkowe\graphics</Filter>
    </ClInclude>
  </ItemGroup>
  <ItemGroup>
    <ClCompile Include="error.c">
      <Filter>Pliki źródłowe</Filter>
    </ClCompile>
    <ClCompile Include="unit.c">
      <Filter>Pliki źródłowe</Filter>
    </ClCompile>
    <ClCompile Include="signal.c">
      <Filter>Pliki źródłowe</Filter>
    </ClCompile>
    <ClCompile Include="vector.c">
      <Filter>Pliki źródłowe</Filter>
    </ClCompile>
    <ClCompile Include="map.c">
      <Filter>Pliki źródłowe</Filter>
    </ClCompile>
    <ClCompile Include="instruction.c">
      <Filter>Pliki źródłowe</Filter>
    </ClCompile>
    <ClCompile Include="main.c">
      <Filter>Pliki źródłowe</Filter>
    </ClCompile>
    <ClCompile Include="simulator.c">
      <Filter>Pliki źródłowe</Filter>
    </ClCompile>
    <ClCompile Include="terminal.c">
      <Filter>Pliki źródłowe</Filter>
    </ClCompile>
    <ClCompile Include="window.c">
      <Filter>Pliki źródłowe\graphics</Filter>
    </ClCompile>
    <ClCompile Include="primitive.c">
      <Filter>Pliki źródłowe\graphics</Filter>
    </ClCompile>
    <ClCompile Include="canvas.c">
      <Filter>Pliki źródłowe\graphics</Filter>
    </ClCompile>
    <ClCompile Include="drawable.c">
      <Filter>Pliki źródłowe\graphics</Filter>
    </ClCompile>
    <ClCompile Include="graphics.c">
      <Filter>Pliki źródłowe\graphics</Filter>
    </ClCompile>
    <ClCompile Include="file.c">
      <Filter>Pliki źródłowe</Filter>
    </ClCompile>
    <ClCompile Include="cpu.c">
      <Filter>Pliki źródłowe\cpu</Filter>
    </ClCompile>
    <ClCompile Include="cpu_setup.c">
      <Filter>Pliki źródłowe\cpu</Filter>
    </ClCompile>
    <ClCompile Include="cpu_components.c">
      <Filter>Pliki źródłowe\cpu</Filter>
    </ClCompile>
    <ClCompile Include="cpu_functions.c">
      <Filter>Pliki źródłowe\cpu</Filter>
    </ClCompile>
    <ClCompile Include="cpu_structs.c">
      <Filter>Pliki źródłowe\cpu</Filter>
    </ClCompile>
    <ClCompile Include="console.c">
      <Filter>Pliki źródłowe</Filter>
    </ClCompile>
  </ItemGroup>
</Project>